
Microsoft Visual Studio Solution File, Format Version 11.00
# Visual Studio 2010
Project("{8BC9CEB8-8B4A-11D0-8D11-00A0C91BC942}") = "glfw", "glfw.vcxproj", "{815E7120-3AC4-4602-B905-D7D813AB9574}"
	ProjectSection(ProjectDependencies) = postProject
		{BAD128A9-887F-45EE-A56A-FCE52890B469} = {BAD128A9-887F-45EE-A56A-FCE52890B469}
	EndProjectSection
EndProject
Project("{8BC9CEB8-8B4A-11D0-8D11-00A0C91BC942}") = "deps", "deps.vcxproj", "{BAD128A9-887F-45EE-A56A-FCE52890B469}"
EndProject
Project("{8BC9CEB8-8B4A-11D0-8D11-00A0C91BC942}") = "boing", "boing.vcxproj", "{7BAFE1F2-29C2-44FC-8AC6-AE6A4A356D8E}"
	ProjectSection(ProjectDependencies) = postProject
		{815E7120-3AC4-4602-B905-D7D813AB9574} = {815E7120-3AC4-4602-B905-D7D813AB9574}
		{BAD128A9-887F-45EE-A56A-FCE52890B469} = {BAD128A9-887F-45EE-A56A-FCE52890B469}
	EndProjectSection
EndProject
Project("{8BC9CEB8-8B4A-11D0-8D11-00A0C91BC942}") = "gears", "gears.vcxproj", "{40BB86FE-E865-47F8-A024-8C8CC67E991F}"
	ProjectSection(ProjectDependencies) = postProject
		{815E7120-3AC4-4602-B905-D7D813AB9574} = {815E7120-3AC4-4602-B905-D7D813AB9574}
		{BAD128A9-887F-45EE-A56A-FCE52890B469} = {BAD128A9-887F-45EE-A56A-FCE52890B469}
	EndProjectSection
EndProject
Project("{8BC9CEB8-8B4A-11D0-8D11-00A0C91BC942}") = "glfwinfo", "glfwinfo.vcxproj", "{D4C789A1-C462-49A9-B462-D1856FDA92CD}"
	ProjectSection(ProjectDependencies) = postProject
		{BAD128A9-887F-45EE-A56A-FCE52890B469} = {BAD128A9-887F-45EE-A56A-FCE52890B469}
		{40BB86FE-E865-47F8-A024-8C8CC67E991F} = {40BB86FE-E865-47F8-A024-8C8CC67E991F}
	EndProjectSection
EndProject
Project("{8BC9CEB8-8B4A-11D0-8D11-00A0C91BC942}") = "heightmap", "heightmap.vcxproj", "{21E2ECD8-D295-4FAF-827F-F002F60B397B}"
	ProjectSection(ProjectDependencies) = postProject
		{815E7120-3AC4-4602-B905-D7D813AB9574} = {815E7120-3AC4-4602-B905-D7D813AB9574}
		{BAD128A9-887F-45EE-A56A-FCE52890B469} = {BAD128A9-887F-45EE-A56A-FCE52890B469}
	EndProjectSection
EndProject
Project("{8BC9CEB8-8B4A-11D0-8D11-00A0C91BC942}") = "simple", "simple.vcxproj", "{7A8166C5-1BE2-436D-B9CA-EE31AF26727A}"
	ProjectSection(ProjectDependencies) = postProject
		{815E7120-3AC4-4602-B905-D7D813AB9574} = {815E7120-3AC4-4602-B905-D7D813AB9574}
		{BAD128A9-887F-45EE-A56A-FCE52890B469} = {BAD128A9-887F-45EE-A56A-FCE52890B469}
	EndProjectSection
EndProject
Project("{8BC9CEB8-8B4A-11D0-8D11-00A0C91BC942}") = "splitview", "splitview.vcxproj", "{C5416590-A968-408C-A41F-1393D18B4918}"
	ProjectSection(ProjectDependencies) = postProject
		{815E7120-3AC4-4602-B905-D7D813AB9574} = {815E7120-3AC4-4602-B905-D7D813AB9574}
		{BAD128A9-887F-45EE-A56A-FCE52890B469} = {BAD128A9-887F-45EE-A56A-FCE52890B469}
	EndProjectSection
EndProject
Project("{8BC9CEB8-8B4A-11D0-8D11-00A0C91BC942}") = "wave", "wave.vcxproj", "{9CA96409-B7BA-4248-9437-2A8C730859B2}"
	ProjectSection(ProjectDependencies) = postProject
		{815E7120-3AC4-4602-B905-D7D813AB9574} = {815E7120-3AC4-4602-B905-D7D813AB9574}
		{BAD128A9-887F-45EE-A56A-FCE52890B469} = {BAD128A9-887F-45EE-A56A-FCE52890B469}
	EndProjectSection
EndProject
Global
	GlobalSection(SolutionConfigurationPlatforms) = preSolution
		Debug|Win32 = Debug|Win32
		Release|Win32 = Release|Win32
	EndGlobalSection
	GlobalSection(ProjectConfigurationPlatforms) = postSolution
		{815E7120-3AC4-4602-B905-D7D813AB9574}.Debug|Win32.ActiveCfg = Debug|Win32
		{815E7120-3AC4-4602-B905-D7D813AB9574}.Debug|Win32.Build.0 = Debug|Win32
		{815E7120-3AC4-4602-B905-D7D813AB9574}.Release|Win32.ActiveCfg = Release|Win32
		{815E7120-3AC4-4602-B905-D7D813AB9574}.Release|Win32.Build.0 = Release|Win32
		{BAD128A9-887F-45EE-A56A-FCE52890B469}.Debug|Win32.ActiveCfg = Debug|Win32
		{BAD128A9-887F-45EE-A56A-FCE52890B469}.Debug|Win32.Build.0 = Debug|Win32
		{BAD128A9-887F-45EE-A56A-FCE52890B469}.Release|Win32.ActiveCfg = Release|Win32
		{BAD128A9-887F-45EE-A56A-FCE52890B469}.Release|Win32.Build.0 = Release|Win32
		{7BAFE1F2-29C2-44FC-8AC6-AE6A4A356D8E}.Debug|Win32.ActiveCfg = Debug|Win32
		{7BAFE1F2-29C2-44FC-8AC6-AE6A4A356D8E}.Debug|Win32.Build.0 = Debug|Win32
		{7BAFE1F2-29C2-44FC-8AC6-AE6A4A356D8E}.Release|Win32.ActiveCfg = Release|Win32
		{7BAFE1F2-29C2-44FC-8AC6-AE6A4A356D8E}.Release|Win32.Build.0 = Release|Win32
		{40BB86FE-E865-47F8-A024-8C8CC67E991F}.Debug|Win32.ActiveCfg = Debug|Win32
		{40BB86FE-E865-47F8-A024-8C8CC67E991F}.Debug|Win32.Build.0 = Debug|Win32
		{40BB86FE-E865-47F8-A024-8C8CC67E991F}.Release|Win32.ActiveCfg = Release|Win32
		{40BB86FE-E865-47F8-A024-8C8CC67E991F}.Release|Win32.Build.0 = Release|Win32
		{D4C789A1-C462-49A9-B462-D1856FDA92CD}.Debug|Win32.ActiveCfg = Debug|Win32
		{D4C789A1-C462-49A9-B462-D1856FDA92CD}.Debug|Win32.Build.0 = Debug|Win32
		{D4C789A1-C462-49A9-B462-D1856FDA92CD}.Release|Win32.ActiveCfg = Release|Win32
		{D4C789A1-C462-49A9-B462-D1856FDA92CD}.Release|Win32.Build.0 = Release|Win32
		{21E2ECD8-D295-4FAF-827F-F002F60B397B}.Debug|Win32.ActiveCfg = Debug|Win32
		{21E2ECD8-D295-4FAF-827F-F002F60B397B}.Debug|Win32.Build.0 = Debug|Win32
		{21E2ECD8-D295-4FAF-827F-F002F60B397B}.Release|Win32.ActiveCfg = Release|Win32
		{21E2ECD8-D295-4FAF-827F-F002F60B397B}.Release|Win32.Build.0 = Release|Win32
		{7A8166C5-1BE2-436D-B9CA-EE31AF26727A}.Debug|Win32.ActiveCfg = Debug|Win32
		{7A8166C5-1BE2-436D-B9CA-EE31AF26727A}.Debug|Win32.Build.0 = Debug|Win32
		{7A8166C5-1BE2-436D-B9CA-EE31AF26727A}.Release|Win32.ActiveCfg = Release|Win32
		{7A8166C5-1BE2-436D-B9CA-EE31AF26727A}.Release|Win32.Build.0 = Release|Win32
		{C5416590-A968-408C-A41F-1393D18B4918}.Debug|Win32.ActiveCfg = Debug|Win32
		{C5416590-A968-408C-A41F-1393D18B4918}.Debug|Win32.Build.0 = Debug|Win32
		{C5416590-A968-408C-A41F-1393D18B4918}.Release|Win32.ActiveCfg = Release|Win32
		{C5416590-A968-408C-A41F-1393D18B4918}.Release|Win32.Build.0 = Release|Win32
		{9CA96409-B7BA-4248-9437-2A8C730859B2}.Debug|Win32.ActiveCfg = Debug|Win32
		{9CA96409-B7BA-4248-9437-2A8C730859B2}.Debug|Win32.Build.0 = Debug|Win32
		{9CA96409-B7BA-4248-9437-2A8C730859B2}.Release|Win32.ActiveCfg = Release|Win32
		{9CA96409-B7BA-4248-9437-2A8C730859B2}.Release|Win32.Build.0 = Release|Win32
	EndGlobalSection
	GlobalSection(SolutionProperties) = preSolution
		HideSolutionNode = FALSE
	EndGlobalSection
EndGlobal
