<?xml version="1.0" encoding="utf-8"?>
<Project ToolsVersion="4.0" xmlns="http://schemas.microsoft.com/developer/msbuild/2003">
  <ItemGroup>
    <Filter Include="include">
      <UniqueIdentifier>{3ea91e65-fa37-41ed-87dd-b3f473557db9}</UniqueIdentifier>
    </Filter>
    <Filter Include="src">
      <UniqueIdentifier>{d8ddd93d-d900-4c18-93df-49daae4d5ea4}</UniqueIdentifier>
    </Filter>
  </ItemGroup>
  <ItemGroup>
    <ClInclude Include="..\include\GLFW\glfw3.h">
      <Filter>include</Filter>
    </ClInclude>
    <ClInclude Include="..\include\GLFW\glfw3native.h">
      <Filter>include</Filter>
    </ClInclude>
    <ClInclude Include="..\src\internal.h">
      <Filter>src</Filter>
    </ClInclude>
    <ClInclude Include="..\src\win32_platform.h">
      <Filter>src</Filter>
    </ClInclude>
    <ClInclude Include="..\src\wgl_platform.h">
      <Filter>src</Filter>
    </ClInclude>
    <ClInclude Include="..\src\wgl_context.h">
      <Filter>src</Filter>
    </ClInclude>
    <ClInclude Include="..\src\win32_tls.h">
      <Filter>src</Filter>
    </ClInclude>
    <ClInclude Include="..\src\winmm_joystick.h">
      <Filter>src</Filter>
    </ClInclude>
  </ItemGroup>
  <ItemGroup>
    <ClCompile Include="..\src\clipboard.c">
      <Filter>src</Filter>
    </ClCompile>
    <ClCompile Include="..\src\context.c">
      <Filter>src</Filter>
    </ClCompile>
    <ClCompile Include="..\src\gamma.c">
      <Filter>src</Filter>
    </ClCompile>
    <ClCompile Include="..\src\init.c">
      <Filter>src</Filter>
    </ClCompile>
    <ClCompile Include="..\src\input.c">
      <Filter>src</Filter>
    </ClCompile>
    <ClCompile Include="..\src\joystick.c">
      <Filter>src</Filter>
    </ClCompile>
    <ClCompile Include="..\src\monitor.c">
      <Filter>src</Filter>
    </ClCompile>
    <ClCompile Include="..\src\time.c">
      <Filter>src</Filter>
    </ClCompile>
    <ClCompile Include="..\src\win32_clipboard.c">
      <Filter>src</Filter>
    </ClCompile>
    <ClCompile Include="..\src\win32_gamma.c">
      <Filter>src</Filter>
    </ClCompile>
    <ClCompile Include="..\src\win32_init.c">
      <Filter>src</Filter>
    </ClCompile>
    <ClCompile Include="..\src\win32_monitor.c">
      <Filter>src</Filter>
    </ClCompile>
    <ClCompile Include="..\src\win32_time.c">
      <Filter>src</Filter>
    </ClCompile>
    <ClCompile Include="..\src\win32_window.c">
      <Filter>src</Filter>
    </ClCompile>
    <ClCompile Include="..\src\window.c">
      <Filter>src</Filter>
    </ClCompile>
    <ClCompile Include="..\src\wgl_context.c">
      <Filter>src</Filter>
    </ClCompile>
    <ClCompile Include="..\src\win32_tls.c">
      <Filter>src</Filter>
    </ClCompile>
    <ClCompile Include="..\src\winmm_joystick.c">
      <Filter>src</Filter>
    </ClCompile>
  </ItemGroup>
</Project>